{
  "version": 4,
  "terraform_version": "1.3.6",
  "serial": 4,
  "lineage": "7141be03-dbd4-db76-9e61-0a98dd2bd148",
  "outputs": {},
  "resources": [
    {
      "mode": "managed",
      "type": "huaweicloud_dns_recordset",
      "name": "dns_recordset",
      "provider": "provider[\"registry.terraform.io/huaweicloud/huaweicloud\"]",
      "instances": [
        {
          "schema_version": 0,
          "attributes": {
            "description": "DNS Record from Terraform",
            "id": "ff80808285359bf30185656f35bc1669/ff80808285359bf30185656f507216e9",
            "name": "tf.buron.social.",
            "records": [
              "159.138.115.199"
            ],
            "region": "la-south-2",
            "tags": null,
            "timeouts": null,
            "ttl": 3000,
            "type": "A",
            "value_specs": null,
            "zone_id": "ff80808285359bf30185656f35bc1669"
          },
          "sensitive_attributes": [],
          "private": "eyJlMmJmYjczMC1lY2FhLTExZTYtOGY4OC0zNDM2M2JjN2M0YzAiOnsiY3JlYXRlIjo2MDAwMDAwMDAwMDAsImRlbGV0ZSI6NjAwMDAwMDAwMDAwLCJ1cGRhdGUiOjYwMDAwMDAwMDAwMH19",
          "dependencies": [
            "huaweicloud_dns_zone.example_zone"
          ]
        }
      ]
    },
    {
      "mode": "managed",
      "type": "huaweicloud_dns_zone",
      "name": "example_zone",
      "provider": "provider[\"registry.terraform.io/huaweicloud/huaweicloud\"]",
      "instances": [
        {
          "schema_version": 0,
          "attributes": {
            "description": "DNS Public Zone created from Terraform",
            "email": "fernando.buron@mail.udp.cl",
            "enterprise_project_id": "0",
            "id": "ff80808285359bf30185656f35bc1669",
            "masters": [],
            "name": "tf.buron.social.",
            "region": "la-south-2",
            "router": [],
            "tags": null,
            "timeouts": null,
            "ttl": 6000,
            "value_specs": null,
            "zone_type": "public"
          },
          "sensitive_attributes": [],
          "private": "eyJlMmJmYjczMC1lY2FhLTExZTYtOGY4OC0zNDM2M2JjN2M0YzAiOnsiY3JlYXRlIjo2MDAwMDAwMDAwMDAsImRlbGV0ZSI6NjAwMDAwMDAwMDAwLCJ1cGRhdGUiOjYwMDAwMDAwMDAwMH19"
        }
      ]
    }
  ],
  "check_results": null
}
